
Microsoft Visual Studio Solution File, Format Version 12.00
# Visual Studio Version 16
VisualStudioVersion = 16.0.30803.129
MinimumVisualStudioVersion = 10.0.40219.1
Project("{FAE04EC0-301F-11D3-BF4B-00C04F79EFBC}") = "IISAutoRestartApp", "IISAutoRestartApp\IISAutoRestartApp.csproj", "{51D1590A-6835-4468-B070-B0D73D3E234B}"
EndProject
Global
	GlobalSection(SolutionConfigurationPlatforms) = preSolution
		Debug|Any CPU = Debug|Any CPU
		Release|Any CPU = Release|Any CPU
	EndGlobalSection
	GlobalSection(ProjectConfigurationPlatforms) = postSolution
		{51D1590A-6835-4468-B070-B0D73D3E234B}.Debug|Any CPU.ActiveCfg = Debug|Any CPU
		{51D1590A-6835-4468-B070-B0D73D3E234B}.Debug|Any CPU.Build.0 = Debug|Any CPU
		{51D1590A-6835-4468-B070-B0D73D3E234B}.Release|Any CPU.ActiveCfg = Release|Any CPU
		{51D1590A-6835-4468-B070-B0D73D3E234B}.Release|Any CPU.Build.0 = Release|Any CPU
	EndGlobalSection
	GlobalSection(SolutionProperties) = preSolution
		HideSolutionNode = FALSE
	EndGlobalSection
	GlobalSection(ExtensibilityGlobals) = postSolution
		SolutionGuid = {FBFBB892-EAF2-4033-B702-DD189A6A5C1D}
	EndGlobalSection
EndGlobal
